
Microsoft Visual Studio Solution File, Format Version 12.00
# Visual Studio Version 17
VisualStudioVersion = 17.5.33414.496
MinimumVisualStudioVersion = 10.0.40219.1
Project("{FAE04EC0-301F-11D3-BF4B-00C04F79EFBC}") = "ClubeDaLeitura.ConsoleApp", "ClubeDaLeitura.ConsoleApp\ClubeDaLeitura.ConsoleApp.csproj", "{821BDCC2-4D3C-4F90-996A-56E053170181}"
EndProject
Global
	GlobalSection(SolutionConfigurationPlatforms) = preSolution
		Debug|Any CPU = Debug|Any CPU
		Release|Any CPU = Release|Any CPU
	EndGlobalSection
	GlobalSection(ProjectConfigurationPlatforms) = postSolution
		{821BDCC2-4D3C-4F90-996A-56E053170181}.Debug|Any CPU.ActiveCfg = Debug|Any CPU
		{821BDCC2-4D3C-4F90-996A-56E053170181}.Debug|Any CPU.Build.0 = Debug|Any CPU
		{821BDCC2-4D3C-4F90-996A-56E053170181}.Release|Any CPU.ActiveCfg = Release|Any CPU
		{821BDCC2-4D3C-4F90-996A-56E053170181}.Release|Any CPU.Build.0 = Release|Any CPU
	EndGlobalSection
	GlobalSection(SolutionProperties) = preSolution
		HideSolutionNode = FALSE
	EndGlobalSection
	GlobalSection(ExtensibilityGlobals) = postSolution
		SolutionGuid = {E09FB4DA-A7D6-49D9-B8F7-6DE3003EFBC2}
	EndGlobalSection
EndGlobal
